// !$*UTF8*$!
{
	archiveVersion = 1;
	classes = {
	};
	objectVersion = 46;
	objects = {

/* Begin PBXBuildFile section */
		A199C8031C57713900B80878 /* AppDelegate.swift in Sources */ = {isa = PBXBuildFile; fileRef = A199C8021C57713900B80878 /* AppDelegate.swift */; };
		A199C8051C57713900B80878 /* ViewController.swift in Sources */ = {isa = PBXBuildFile; fileRef = A199C8041C57713900B80878 /* ViewController.swift */; };
		A199C8081C57713900B80878 /* Main.storyboard in Resources */ = {isa = PBXBuildFile; fileRef = A199C8061C57713900B80878 /* Main.storyboard */; };
		A199C80A1C57713A00B80878 /* Assets.xcassets in Resources */ = {isa = PBXBuildFile; fileRef = A199C8091C57713A00B80878 /* Assets.xcassets */; };
		A199C80D1C57713A00B80878 /* LaunchScreen.storyboard in Resources */ = {isa = PBXBuildFile; fileRef = A199C80B1C57713A00B80878 /* LaunchScreen.storyboard */; };
		A199C8151C57735900B80878 /* pokemon.csv in Resources */ = {isa = PBXBuildFile; fileRef = A199C8141C57735900B80878 /* pokemon.csv */; };
		A199C8181C57744D00B80878 /* Pokemon.swift in Sources */ = {isa = PBXBuildFile; fileRef = A199C8171C57744D00B80878 /* Pokemon.swift */; };
		A199C81B1C577B9E00B80878 /* PokeCell.swift in Sources */ = {isa = PBXBuildFile; fileRef = A199C81A1C577B9E00B80878 /* PokeCell.swift */; };
		A199C81D1C5783B000B80878 /* CSV.swift in Sources */ = {isa = PBXBuildFile; fileRef = A199C81C1C5783B000B80878 /* CSV.swift */; };
		A199C8221C57876900B80878 /* PokemonSolid.ttf in Resources */ = {isa = PBXBuildFile; fileRef = A199C8211C57876900B80878 /* PokemonSolid.ttf */; };
		A199C8241C57891A00B80878 /* music.mp3 in Resources */ = {isa = PBXBuildFile; fileRef = A199C8231C57891A00B80878 /* music.mp3 */; };
/* End PBXBuildFile section */

/* Begin PBXFileReference section */
		A199C7FF1C57713900B80878 /* Pokedex.app */ = {isa = PBXFileReference; explicitFileType = wrapper.application; includeInIndex = 0; path = Pokedex.app; sourceTree = BUILT_PRODUCTS_DIR; };
		A199C8021C57713900B80878 /* AppDelegate.swift */ = {isa = PBXFileReference; lastKnownFileType = sourcecode.swift; path = AppDelegate.swift; sourceTree = "<group>"; };
		A199C8041C57713900B80878 /* ViewController.swift */ = {isa = PBXFileReference; lastKnownFileType = sourcecode.swift; path = ViewController.swift; sourceTree = "<group>"; };
		A199C8071C57713900B80878 /* Base */ = {isa = PBXFileReference; lastKnownFileType = file.storyboard; name = Base; path = Base.lproj/Main.storyboard; sourceTree = "<group>"; };
		A199C8091C57713A00B80878 /* Assets.xcassets */ = {isa = PBXFileReference; lastKnownFileType = folder.assetcatalog; path = Assets.xcassets; sourceTree = "<group>"; };
		A199C80C1C57713A00B80878 /* Base */ = {isa = PBXFileReference; lastKnownFileType = file.storyboard; name = Base; path = Base.lproj/LaunchScreen.storyboard; sourceTree = "<group>"; };
		A199C80E1C57713A00B80878 /* Info.plist */ = {isa = PBXFileReference; lastKnownFileType = text.plist.xml; path = Info.plist; sourceTree = "<group>"; };
		A199C8141C57735900B80878 /* pokemon.csv */ = {isa = PBXFileReference; fileEncoding = 4; lastKnownFileType = text; path = pokemon.csv; sourceTree = "<group>"; };
		A199C8171C57744D00B80878 /* Pokemon.swift */ = {isa = PBXFileReference; fileEncoding = 4; lastKnownFileType = sourcecode.swift; path = Pokemon.swift; sourceTree = "<group>"; };
		A199C81A1C577B9E00B80878 /* PokeCell.swift */ = {isa = PBXFileReference; fileEncoding = 4; lastKnownFileType = sourcecode.swift; path = PokeCell.swift; sourceTree = "<group>"; };
		A199C81C1C5783B000B80878 /* CSV.swift */ = {isa = PBXFileReference; fileEncoding = 4; lastKnownFileType = sourcecode.swift; path = CSV.swift; sourceTree = "<group>"; };
		A199C8211C57876900B80878 /* PokemonSolid.ttf */ = {isa = PBXFileReference; lastKnownFileType = file; path = PokemonSolid.ttf; sourceTree = "<group>"; };
		A199C8231C57891A00B80878 /* music.mp3 */ = {isa = PBXFileReference; lastKnownFileType = audio.mp3; path = music.mp3; sourceTree = "<group>"; };
/* End PBXFileReference section */

/* Begin PBXFrameworksBuildPhase section */
		A199C7FC1C57713900B80878 /* Frameworks */ = {
			isa = PBXFrameworksBuildPhase;
			buildActionMask = 2147483647;
			files = (
			);
			runOnlyForDeploymentPostprocessing = 0;
		};
/* End PBXFrameworksBuildPhase section */

/* Begin PBXGroup section */
		A199C7F61C57713900B80878 = {
			isa = PBXGroup;
			children = (
				A199C8011C57713900B80878 /* Pokedex */,
				A199C8001C57713900B80878 /* Products */,
			);
			sourceTree = "<group>";
		};
		A199C8001C57713900B80878 /* Products */ = {
			isa = PBXGroup;
			children = (
				A199C7FF1C57713900B80878 /* Pokedex.app */,
			);
			name = Products;
			sourceTree = "<group>";
		};
		A199C8011C57713900B80878 /* Pokedex */ = {
			isa = PBXGroup;
			children = (
				A199C81F1C5783CD00B80878 /* Controller */,
				A199C81E1C5783BE00B80878 /* Util */,
				A199C8161C57743500B80878 /* Model */,
				A199C8191C577B6F00B80878 /* View */,
				A199C8021C57713900B80878 /* AppDelegate.swift */,
				A199C8201C5783DC00B80878 /* Resources */,
				A199C8061C57713900B80878 /* Main.storyboard */,
				A199C8091C57713A00B80878 /* Assets.xcassets */,
				A199C80B1C57713A00B80878 /* LaunchScreen.storyboard */,
				A199C80E1C57713A00B80878 /* Info.plist */,
			);
			path = Pokedex;
			sourceTree = "<group>";
		};
		A199C8161C57743500B80878 /* Model */ = {
			isa = PBXGroup;
			children = (
				A199C8171C57744D00B80878 /* Pokemon.swift */,
			);
			name = Model;
			sourceTree = "<group>";
		};
		A199C8191C577B6F00B80878 /* View */ = {
			isa = PBXGroup;
			children = (
				A199C81A1C577B9E00B80878 /* PokeCell.swift */,
			);
			name = View;
			sourceTree = "<group>";
		};
		A199C81E1C5783BE00B80878 /* Util */ = {
			isa = PBXGroup;
			children = (
				A199C81C1C5783B000B80878 /* CSV.swift */,
			);
			name = Util;
			sourceTree = "<group>";
		};
		A199C81F1C5783CD00B80878 /* Controller */ = {
			isa = PBXGroup;
			children = (
				A199C8041C57713900B80878 /* ViewController.swift */,
			);
			name = Controller;
			sourceTree = "<group>";
		};
		A199C8201C5783DC00B80878 /* Resources */ = {
			isa = PBXGroup;
			children = (
				A199C8231C57891A00B80878 /* music.mp3 */,
				A199C8211C57876900B80878 /* PokemonSolid.ttf */,
				A199C8141C57735900B80878 /* pokemon.csv */,
			);
			name = Resources;
			sourceTree = "<group>";
		};
/* End PBXGroup section */

/* Begin PBXNativeTarget section */
		A199C7FE1C57713900B80878 /* Pokedex */ = {
			isa = PBXNativeTarget;
			buildConfigurationList = A199C8111C57713A00B80878 /* Build configuration list for PBXNativeTarget "Pokedex" */;
			buildPhases = (
				A199C7FB1C57713900B80878 /* Sources */,
				A199C7FC1C57713900B80878 /* Frameworks */,
				A199C7FD1C57713900B80878 /* Resources */,
			);
			buildRules = (
			);
			dependencies = (
			);
			name = Pokedex;
			productName = Pokedex;
			productReference = A199C7FF1C57713900B80878 /* Pokedex.app */;
			productType = "com.apple.product-type.application";
		};
/* End PBXNativeTarget section */

/* Begin PBXProject section */
		A199C7F71C57713900B80878 /* Project object */ = {
			isa = PBXProject;
			attributes = {
				LastSwiftUpdateCheck = 0720;
				LastUpgradeCheck = 0720;
				ORGANIZATIONNAME = DASoftware;
				TargetAttributes = {
					A199C7FE1C57713900B80878 = {
						CreatedOnToolsVersion = 7.2;
					};
				};
			};
			buildConfigurationList = A199C7FA1C57713900B80878 /* Build configuration list for PBXProject "Pokedex" */;
			compatibilityVersion = "Xcode 3.2";
			developmentRegion = English;
			hasScannedForEncodings = 0;
			knownRegions = (
				en,
				Base,
			);
			mainGroup = A199C7F61C57713900B80878;
			productRefGroup = A199C8001C57713900B80878 /* Products */;
			projectDirPath = "";
			projectRoot = "";
			targets = (
				A199C7FE1C57713900B80878 /* Pokedex */,
			);
		};
/* End PBXProject section */

/* Begin PBXResourcesBuildPhase section */
		A199C7FD1C57713900B80878 /* Resources */ = {
			isa = PBXResourcesBuildPhase;
			buildActionMask = 2147483647;
			files = (
				A199C80D1C57713A00B80878 /* LaunchScreen.storyboard in Resources */,
				A199C80A1C57713A00B80878 /* Assets.xcassets in Resources */,
				A199C8241C57891A00B80878 /* music.mp3 in Resources */,
				A199C8151C57735900B80878 /* pokemon.csv in Resources */,
				A199C8221C57876900B80878 /* PokemonSolid.ttf in Resources */,
				A199C8081C57713900B80878 /* Main.storyboard in Resources */,
			);
			runOnlyForDeploymentPostprocessing = 0;
		};
/* End PBXResourcesBuildPhase section */

/* Begin PBXSourcesBuildPhase section */
		A199C7FB1C57713900B80878 /* Sources */ = {
			isa = PBXSourcesBuildPhase;
			buildActionMask = 2147483647;
			files = (
				A199C81B1C577B9E00B80878 /* PokeCell.swift in Sources */,
				A199C8051C57713900B80878 /* ViewController.swift in Sources */,
				A199C81D1C5783B000B80878 /* CSV.swift in Sources */,
				A199C8031C57713900B80878 /* AppDelegate.swift in Sources */,
				A199C8181C57744D00B80878 /* Pokemon.swift in Sources */,
			);
			runOnlyForDeploymentPostprocessing = 0;
		};
/* End PBXSourcesBuildPhase section */

/* Begin PBXVariantGroup section */
		A199C8061C57713900B80878 /* Main.storyboard */ = {
			isa = PBXVariantGroup;
			children = (
				A199C8071C57713900B80878 /* Base */,
			);
			name = Main.storyboard;
			sourceTree = "<group>";
		};
		A199C80B1C57713A00B80878 /* LaunchScreen.storyboard */ = {
			isa = PBXVariantGroup;
			children = (
				A199C80C1C57713A00B80878 /* Base */,
			);
			name = LaunchScreen.storyboard;
			sourceTree = "<group>";
		};
/* End PBXVariantGroup section */

/* Begin XCBuildConfiguration section */
		A199C80F1C57713A00B80878 /* Debug */ = {
			isa = XCBuildConfiguration;
			buildSettings = {
				ALWAYS_SEARCH_USER_PATHS = NO;
				CLANG_CXX_LANGUAGE_STANDARD = "gnu++0x";
				CLANG_CXX_LIBRARY = "libc++";
				CLANG_ENABLE_MODULES = YES;
				CLANG_ENABLE_OBJC_ARC = YES;
				CLANG_WARN_BOOL_CONVERSION = YES;
				CLANG_WARN_CONSTANT_CONVERSION = YES;
				CLANG_WARN_DIRECT_OBJC_ISA_USAGE = YES_ERROR;
				CLANG_WARN_EMPTY_BODY = YES;
				CLANG_WARN_ENUM_CONVERSION = YES;
				CLANG_WARN_INT_CONVERSION = YES;
				CLANG_WARN_OBJC_ROOT_CLASS = YES_ERROR;
				CLANG_WARN_UNREACHABLE_CODE = YES;
				CLANG_WARN__DUPLICATE_METHOD_MATCH = YES;
				"CODE_SIGN_IDENTITY[sdk=iphoneos*]" = "iPhone Developer";
				COPY_PHASE_STRIP = NO;
				DEBUG_INFORMATION_FORMAT = dwarf;
				ENABLE_STRICT_OBJC_MSGSEND = YES;
				ENABLE_TESTABILITY = YES;
				GCC_C_LANGUAGE_STANDARD = gnu99;
				GCC_DYNAMIC_NO_PIC = NO;
				GCC_NO_COMMON_BLOCKS = YES;
				GCC_OPTIMIZATION_LEVEL = 0;
				GCC_PREPROCESSOR_DEFINITIONS = (
					"DEBUG=1",
					"$(inherited)",
				);
				GCC_WARN_64_TO_32_BIT_CONVERSION = YES;
				GCC_WARN_ABOUT_RETURN_TYPE = YES_ERROR;
				GCC_WARN_UNDECLARED_SELECTOR = YES;
				GCC_WARN_UNINITIALIZED_AUTOS = YES_AGGRESSIVE;
				GCC_WARN_UNUSED_FUNCTION = YES;
				GCC_WARN_UNUSED_VARIABLE = YES;
				IPHONEOS_DEPLOYMENT_TARGET = 9.2;
				MTL_ENABLE_DEBUG_INFO = YES;
				ONLY_ACTIVE_ARCH = YES;
				SDKROOT = iphoneos;
				SWIFT_OPTIMIZATION_LEVEL = "-Onone";
				TARGETED_DEVICE_FAMILY = "1,2";
			};
			name = Debug;
		};
		A199C8101C57713A00B80878 /* Release */ = {
			isa = XCBuildConfiguration;
			buildSettings = {
				ALWAYS_SEARCH_USER_PATHS = NO;
				CLANG_CXX_LANGUAGE_STANDARD = "gnu++0x";
				CLANG_CXX_LIBRARY = "libc++";
				CLANG_ENABLE_MODULES = YES;
				CLANG_ENABLE_OBJC_ARC = YES;
				CLANG_WARN_BOOL_CONVERSION = YES;
				CLANG_WARN_CONSTANT_CONVERSION = YES;
				CLANG_WARN_DIRECT_OBJC_ISA_USAGE = YES_ERROR;
				CLANG_WARN_EMPTY_BODY = YES;
				CLANG_WARN_ENUM_CONVERSION = YES;
				CLANG_WARN_INT_CONVERSION = YES;
				CLANG_WARN_OBJC_ROOT_CLASS = YES_ERROR;
				CLANG_WARN_UNREACHABLE_CODE = YES;
				CLANG_WARN__DUPLICATE_METHOD_MATCH = YES;
				"CODE_SIGN_IDENTITY[sdk=iphoneos*]" = "iPhone Developer";
				COPY_PHASE_STRIP = NO;
				DEBUG_INFORMATION_FORMAT = "dwarf-with-dsym";
				ENABLE_NS_ASSERTIONS = NO;
				ENABLE_STRICT_OBJC_MSGSEND = YES;
				GCC_C_LANGUAGE_STANDARD = gnu99;
				GCC_NO_COMMON_BLOCKS = YES;
				GCC_WARN_64_TO_32_BIT_CONVERSION = YES;
				GCC_WARN_ABOUT_RETURN_TYPE = YES_ERROR;
				GCC_WARN_UNDECLARED_SELECTOR = YES;
				GCC_WARN_UNINITIALIZED_AUTOS = YES_AGGRESSIVE;
				GCC_WARN_UNUSED_FUNCTION = YES;
				GCC_WARN_UNUSED_VARIABLE = YES;
				IPHONEOS_DEPLOYMENT_TARGET = 9.2;
				MTL_ENABLE_DEBUG_INFO = NO;
				SDKROOT = iphoneos;
				TARGETED_DEVICE_FAMILY = "1,2";
				VALIDATE_PRODUCT = YES;
			};
			name = Release;
		};
		A199C8121C57713A00B80878 /* Debug */ = {
			isa = XCBuildConfiguration;
			buildSettings = {
				ASSETCATALOG_COMPILER_APPICON_NAME = AppIcon;
				INFOPLIST_FILE = Pokedex/Info.plist;
				LD_RUNPATH_SEARCH_PATHS = "$(inherited) @executable_path/Frameworks";
				PRODUCT_BUNDLE_IDENTIFIER = com.dasoftware.Pokedex;
				PRODUCT_NAME = "$(TARGET_NAME)";
			};
			name = Debug;
		};
		A199C8131C57713A00B80878 /* Release */ = {
			isa = XCBuildConfiguration;
			buildSettings = {
				ASSETCATALOG_COMPILER_APPICON_NAME = AppIcon;
				INFOPLIST_FILE = Pokedex/Info.plist;
				LD_RUNPATH_SEARCH_PATHS = "$(inherited) @executable_path/Frameworks";
				PRODUCT_BUNDLE_IDENTIFIER = com.dasoftware.Pokedex;
				PRODUCT_NAME = "$(TARGET_NAME)";
			};
			name = Release;
		};
/* End XCBuildConfiguration section */

/* Begin XCConfigurationList section */
		A199C7FA1C57713900B80878 /* Build configuration list for PBXProject "Pokedex" */ = {
			isa = XCConfigurationList;
			buildConfigurations = (
				A199C80F1C57713A00B80878 /* Debug */,
				A199C8101C57713A00B80878 /* Release */,
			);
			defaultConfigurationIsVisible = 0;
			defaultConfigurationName = Release;
		};
		A199C8111C57713A00B80878 /* Build configuration list for PBXNativeTarget "Pokedex" */ = {
			isa = XCConfigurationList;
			buildConfigurations = (
				A199C8121C57713A00B80878 /* Debug */,
				A199C8131C57713A00B80878 /* Release */,
			);
			defaultConfigurationIsVisible = 0;
		};
/* End XCConfigurationList section */
	};
	rootObject = A199C7F71C57713900B80878 /* Project object */;
}
